<?xml version="1.0" encoding="utf-8"?>
<Project ToolsVersion="4.0" xmlns="http://schemas.microsoft.com/developer/msbuild/2003">
  <ItemGroup>
    <ClCompile Include="src\ofApp.cpp">
      <Filter>src</Filter>
    </ClCompile>
    <ClCompile Include="src\main.cpp">
      <Filter>src</Filter>
    </ClCompile>
    <ClCompile Include="blinky.cpp">
      <Filter>src\ghosts</Filter>
    </ClCompile>
    <ClCompile Include="inky.cpp">
      <Filter>src\ghosts</Filter>
    </ClCompile>
    <ClCompile Include="clyde.cpp">
      <Filter>src\ghosts</Filter>
    </ClCompile>
    <ClCompile Include="pinky.cpp">
      <Filter>src\ghosts</Filter>
    </ClCompile>
    <ClCompile Include="ghost.cpp">
      <Filter>src</Filter>
    </ClCompile>
  </ItemGroup>
  <ItemGroup>
    <Filter Include="src">
      <UniqueIdentifier>{d8376475-7454-4a24-b08a-aac121d3ad6f}</UniqueIdentifier>
    </Filter>
    <Filter Include="src\ghosts">
      <UniqueIdentifier>{ed29c92d-bf1a-4f72-879c-69b464b0f5d5}</UniqueIdentifier>
    </Filter>
  </ItemGroup>
  <ItemGroup>
    <ClInclude Include="src\ofApp.h">
      <Filter>src</Filter>
    </ClInclude>
    <ClInclude Include="blinky.h">
      <Filter>src\ghosts</Filter>
    </ClInclude>
    <ClInclude Include="inky.h">
      <Filter>src\ghosts</Filter>
    </ClInclude>
    <ClInclude Include="pinky.h">
      <Filter>src\ghosts</Filter>
    </ClInclude>
    <ClInclude Include="clyde.h">
      <Filter>src\ghosts</Filter>
    </ClInclude>
    <ClInclude Include="ghost.h">
      <Filter>src</Filter>
    </ClInclude>
  </ItemGroup>
  <ItemGroup>
    <ResourceCompile Include="icon.rc" />
  </ItemGroup>
</Project>