<?xml version="1.0" encoding="utf-8"?>
<Project ToolsVersion="4.0" xmlns="http://schemas.microsoft.com/developer/msbuild/2003">
  <ItemGroup>
    <ClCompile Include="src\ofApp.cpp">
      <Filter>src</Filter>
    </ClCompile>
    <ClCompile Include="src\main.cpp">
      <Filter>src</Filter>
    </ClCompile>
    <ClCompile Include="src\main.cpp">
      <Filter>src</Filter>
    </ClCompile>
    <ClCompile Include="src\ofApp.cpp">
      <Filter>src</Filter>
    </ClCompile>
    <ClCompile Include="..\..\..\of_v0.10.0_vs2017_release\addons\ofxGui\src\ofxBaseGui.cpp">
      <Filter>addons\ofxGui\src</Filter>
    </ClCompile>
    <ClCompile Include="..\..\..\of_v0.10.0_vs2017_release\addons\ofxGui\src\ofxButton.cpp">
      <Filter>addons\ofxGui\src</Filter>
    </ClCompile>
    <ClCompile Include="..\..\..\of_v0.10.0_vs2017_release\addons\ofxGui\src\ofxColorPicker.cpp">
      <Filter>addons\ofxGui\src</Filter>
    </ClCompile>
    <ClCompile Include="..\..\..\of_v0.10.0_vs2017_release\addons\ofxGui\src\ofxGuiGroup.cpp">
      <Filter>addons\ofxGui\src</Filter>
    </ClCompile>
    <ClCompile Include="..\..\..\of_v0.10.0_vs2017_release\addons\ofxGui\src\ofxInputField.cpp">
      <Filter>addons\ofxGui\src</Filter>
    </ClCompile>
    <ClCompile Include="..\..\..\of_v0.10.0_vs2017_release\addons\ofxGui\src\ofxLabel.cpp">
      <Filter>addons\ofxGui\src</Filter>
    </ClCompile>
    <ClCompile Include="..\..\..\of_v0.10.0_vs2017_release\addons\ofxGui\src\ofxPanel.cpp">
      <Filter>addons\ofxGui\src</Filter>
    </ClCompile>
    <ClCompile Include="..\..\..\of_v0.10.0_vs2017_release\addons\ofxGui\src\ofxSlider.cpp">
      <Filter>addons\ofxGui\src</Filter>
    </ClCompile>
    <ClCompile Include="..\..\..\of_v0.10.0_vs2017_release\addons\ofxGui\src\ofxSliderGroup.cpp">
      <Filter>addons\ofxGui\src</Filter>
    </ClCompile>
    <ClCompile Include="..\..\..\of_v0.10.0_vs2017_release\addons\ofxGui\src\ofxToggle.cpp">
      <Filter>addons\ofxGui\src</Filter>
    </ClCompile>
    <ClCompile Include="src\board\board.cpp">
      <Filter>src\board</Filter>
    </ClCompile>
    <ClCompile Include="src\board\tile.cpp">
      <Filter>src\board</Filter>
    </ClCompile>
    <ClCompile Include="src\gui\button.cpp">
      <Filter>src\gui</Filter>
    </ClCompile>
    <ClCompile Include="src\gui\levelEditorPanel.cpp">
      <Filter>src\gui</Filter>
    </ClCompile>
    <ClCompile Include="src\gui\roundedButton.cpp">
      <Filter>src\gui</Filter>
    </ClCompile>
    <ClCompile Include="src\sprites\ghosts\blinky.cpp">
      <Filter>src\sprites\ghosts</Filter>
    </ClCompile>
    <ClCompile Include="src\sprites\ghosts\clyde.cpp">
      <Filter>src\sprites\ghosts</Filter>
    </ClCompile>
    <ClCompile Include="src\sprites\ghosts\ghost.cpp">
      <Filter>src\sprites\ghosts</Filter>
    </ClCompile>
    <ClCompile Include="src\sprites\ghosts\inky.cpp">
      <Filter>src\sprites\ghosts</Filter>
    </ClCompile>
    <ClCompile Include="src\sprites\ghosts\pinky.cpp">
      <Filter>src\sprites\ghosts</Filter>
    </ClCompile>
    <ClCompile Include="src\sprites\pacman.cpp">
      <Filter>src\sprites</Filter>
    </ClCompile>
  </ItemGroup>
  <ItemGroup>
    <Filter Include="src">
      <UniqueIdentifier>{d8376475-7454-4a24-b08a-aac121d3ad6f}</UniqueIdentifier>
    </Filter>
    <Filter Include="addons">
      <UniqueIdentifier>{71834F65-F3A9-211E-73B8-DC85}</UniqueIdentifier>
    </Filter>
    <Filter Include="addons\ofxGui">
      <UniqueIdentifier>{4F2A59AF-5F4E-704B-D067-EC13}</UniqueIdentifier>
    </Filter>
    <Filter Include="addons\ofxGui\src">
      <UniqueIdentifier>{645E9533-4DCD-6179-1CDF-CB65}</UniqueIdentifier>
    </Filter>
    <Filter Include="src\board">
      <UniqueIdentifier>{179912a5-8675-4a52-bab8-816f9a1fb721}</UniqueIdentifier>
    </Filter>
    <Filter Include="src\sprites">
      <UniqueIdentifier>{27b97b13-a1ec-4a98-8cfa-01130b20e3eb}</UniqueIdentifier>
    </Filter>
    <Filter Include="src\gui">
      <UniqueIdentifier>{a0f1218a-cb07-4a8d-9a82-ffe801bccd10}</UniqueIdentifier>
    </Filter>
    <Filter Include="src\misc">
      <UniqueIdentifier>{f15a7a58-eb8a-4812-a15e-73ebc2e13ea9}</UniqueIdentifier>
    </Filter>
    <Filter Include="src\sprites\ghosts">
      <UniqueIdentifier>{53e9f08b-4a96-46c1-8965-7b63a9e319c5}</UniqueIdentifier>
    </Filter>
  </ItemGroup>
  <ItemGroup>
    <ClInclude Include="src\ofApp.h">
      <Filter>src</Filter>
    </ClInclude>
    <ClInclude Include="src\enums.h">
      <Filter>src</Filter>
    </ClInclude>
    <ClInclude Include="src\ofApp.h">
      <Filter>src</Filter>
    </ClInclude>
    <ClInclude Include="..\..\..\of_v0.10.0_vs2017_release\addons\ofxGui\src\ofxBaseGui.h">
      <Filter>addons\ofxGui\src</Filter>
    </ClInclude>
    <ClInclude Include="..\..\..\of_v0.10.0_vs2017_release\addons\ofxGui\src\ofxButton.h">
      <Filter>addons\ofxGui\src</Filter>
    </ClInclude>
    <ClInclude Include="..\..\..\of_v0.10.0_vs2017_release\addons\ofxGui\src\ofxColorPicker.h">
      <Filter>addons\ofxGui\src</Filter>
    </ClInclude>
    <ClInclude Include="..\..\..\of_v0.10.0_vs2017_release\addons\ofxGui\src\ofxGui.h">
      <Filter>addons\ofxGui\src</Filter>
    </ClInclude>
    <ClInclude Include="..\..\..\of_v0.10.0_vs2017_release\addons\ofxGui\src\ofxGuiGroup.h">
      <Filter>addons\ofxGui\src</Filter>
    </ClInclude>
    <ClInclude Include="..\..\..\of_v0.10.0_vs2017_release\addons\ofxGui\src\ofxInputField.h">
      <Filter>addons\ofxGui\src</Filter>
    </ClInclude>
    <ClInclude Include="..\..\..\of_v0.10.0_vs2017_release\addons\ofxGui\src\ofxLabel.h">
      <Filter>addons\ofxGui\src</Filter>
    </ClInclude>
    <ClInclude Include="..\..\..\of_v0.10.0_vs2017_release\addons\ofxGui\src\ofxPanel.h">
      <Filter>addons\ofxGui\src</Filter>
    </ClInclude>
    <ClInclude Include="..\..\..\of_v0.10.0_vs2017_release\addons\ofxGui\src\ofxSlider.h">
      <Filter>addons\ofxGui\src</Filter>
    </ClInclude>
    <ClInclude Include="..\..\..\of_v0.10.0_vs2017_release\addons\ofxGui\src\ofxSliderGroup.h">
      <Filter>addons\ofxGui\src</Filter>
    </ClInclude>
    <ClInclude Include="..\..\..\of_v0.10.0_vs2017_release\addons\ofxGui\src\ofxToggle.h">
      <Filter>addons\ofxGui\src</Filter>
    </ClInclude>
    <ClInclude Include="src\board\board.h">
      <Filter>src\board</Filter>
    </ClInclude>
    <ClInclude Include="src\board\tile.h">
      <Filter>src\board</Filter>
    </ClInclude>
    <ClInclude Include="src\gui\button.h">
      <Filter>src\gui</Filter>
    </ClInclude>
    <ClInclude Include="src\gui\levelEditorPanel.h">
      <Filter>src\gui</Filter>
    </ClInclude>
    <ClInclude Include="src\gui\roundedButton.h">
      <Filter>src\gui</Filter>
    </ClInclude>
    <ClInclude Include="src\misc\cxxTimer.h">
      <Filter>src\misc</Filter>
    </ClInclude>
    <ClInclude Include="src\sprites\ghosts\blinky.h">
      <Filter>src\sprites\ghosts</Filter>
    </ClInclude>
    <ClInclude Include="src\sprites\ghosts\clyde.h">
      <Filter>src\sprites\ghosts</Filter>
    </ClInclude>
    <ClInclude Include="src\sprites\ghosts\ghost.h">
      <Filter>src\sprites\ghosts</Filter>
    </ClInclude>
    <ClInclude Include="src\sprites\ghosts\inky.h">
      <Filter>src\sprites\ghosts</Filter>
    </ClInclude>
    <ClInclude Include="src\sprites\ghosts\pinky.h">
      <Filter>src\sprites\ghosts</Filter>
    </ClInclude>
    <ClInclude Include="src\sprites\pacman.h">
      <Filter>src\sprites</Filter>
    </ClInclude>
  </ItemGroup>
  <ItemGroup>
    <ResourceCompile Include="icon.rc" />
  </ItemGroup>
</Project>